// !$*UTF8*$!
{
	archiveVersion = 1;
	classes = {
	};
	objectVersion = 56;
	objects = {

/* Begin PBXBuildFile section */
		900DBB702E26975000B70239 /* vaultView.swift in Sources */ = {isa = PBXBuildFile; fileRef = 900DBB6F2E26974700B70239 /* vaultView.swift */; };
		900DBB742E26A02800B70239 /* generalTabView.swift in Sources */ = {isa = PBXBuildFile; fileRef = 900DBB732E26A02100B70239 /* generalTabView.swift */; };
		900DBB772E2714CC00B70239 /* ComponentsKit in Frameworks */ = {isa = PBXBuildFile; productRef = 900DBB762E2714CC00B70239 /* ComponentsKit */; };
		903DBB192E254A6F00522F7C /* vault_api.swift in Sources */ = {isa = PBXBuildFile; fileRef = 903DBB182E254A6900522F7C /* vault_api.swift */; };
		906D59132BE07E3B00629171 /* user_api.swift in Sources */ = {isa = PBXBuildFile; fileRef = 906D59122BE07E3B00629171 /* user_api.swift */; };
		907886D12BF30F510039E30E /* Zero_TOTP_App.swift in Sources */ = {isa = PBXBuildFile; fileRef = 907886D02BF30F510039E30E /* Zero_TOTP_App.swift */; };
		90DE5C362A950ED40030734B /* homeView.swift in Sources */ = {isa = PBXBuildFile; fileRef = 90DE5C352A950ED40030734B /* homeView.swift */; };
		90DE5C3A2A950ED60030734B /* Assets.xcassets in Resources */ = {isa = PBXBuildFile; fileRef = 90DE5C392A950ED60030734B /* Assets.xcassets */; };
		90DE5C3D2A950ED60030734B /* Preview Assets.xcassets in Resources */ = {isa = PBXBuildFile; fileRef = 90DE5C3C2A950ED60030734B /* Preview Assets.xcassets */; };
		90DE5C472A950ED70030734B /* Zero_TOTPTests.swift in Sources */ = {isa = PBXBuildFile; fileRef = 90DE5C462A950ED70030734B /* Zero_TOTPTests.swift */; };
		90DE5C512A950ED70030734B /* Zero_TOTPUITests.swift in Sources */ = {isa = PBXBuildFile; fileRef = 90DE5C502A950ED70030734B /* Zero_TOTPUITests.swift */; };
		90DE5C532A950ED70030734B /* Zero_TOTPUITestsLaunchTests.swift in Sources */ = {isa = PBXBuildFile; fileRef = 90DE5C522A950ED70030734B /* Zero_TOTPUITestsLaunchTests.swift */; };
		90E2C3912BF6AF7B002C008E /* loginView.swift in Sources */ = {isa = PBXBuildFile; fileRef = 90E2C3902BF6AF7B002C008E /* loginView.swift */; };
		90E2C3942BF6F593002C008E /* Toast.swift in Sources */ = {isa = PBXBuildFile; fileRef = 90E2C3932BF6F593002C008E /* Toast.swift */; };
		90E2C3972BF6FED6002C008E /* utils.swift in Sources */ = {isa = PBXBuildFile; fileRef = 90E2C3962BF6FED6002C008E /* utils.swift */; };
		90E2C39A2BF70638002C008E /* CryptoTools.swift in Sources */ = {isa = PBXBuildFile; fileRef = 90E2C3992BF70638002C008E /* CryptoTools.swift */; };
/* End PBXBuildFile section */

/* Begin PBXContainerItemProxy section */
		90DE5C432A950ED70030734B /* PBXContainerItemProxy */ = {
			isa = PBXContainerItemProxy;
			containerPortal = 90DE5C2A2A950ED40030734B /* Project object */;
			proxyType = 1;
			remoteGlobalIDString = 90DE5C312A950ED40030734B;
			remoteInfo = "Zero-TOTP";
		};
		90DE5C4D2A950ED70030734B /* PBXContainerItemProxy */ = {
			isa = PBXContainerItemProxy;
			containerPortal = 90DE5C2A2A950ED40030734B /* Project object */;
			proxyType = 1;
			remoteGlobalIDString = 90DE5C312A950ED40030734B;
			remoteInfo = "Zero-TOTP";
		};
/* End PBXContainerItemProxy section */

/* Begin PBXFileReference section */
		900DBB6F2E26974700B70239 /* vaultView.swift */ = {isa = PBXFileReference; lastKnownFileType = sourcecode.swift; path = vaultView.swift; sourceTree = "<group>"; };
		900DBB732E26A02100B70239 /* generalTabView.swift */ = {isa = PBXFileReference; lastKnownFileType = sourcecode.swift; path = generalTabView.swift; sourceTree = "<group>"; };
		903DBB182E254A6900522F7C /* vault_api.swift */ = {isa = PBXFileReference; lastKnownFileType = sourcecode.swift; path = vault_api.swift; sourceTree = "<group>"; };
		906D59122BE07E3B00629171 /* user_api.swift */ = {isa = PBXFileReference; lastKnownFileType = sourcecode.swift; path = user_api.swift; sourceTree = "<group>"; };
		907886D02BF30F510039E30E /* Zero_TOTP_App.swift */ = {isa = PBXFileReference; lastKnownFileType = sourcecode.swift; path = Zero_TOTP_App.swift; sourceTree = "<group>"; };
		90DE5C322A950ED40030734B /* Zero-TOTP.app */ = {isa = PBXFileReference; explicitFileType = wrapper.application; includeInIndex = 0; path = "Zero-TOTP.app"; sourceTree = BUILT_PRODUCTS_DIR; };
		90DE5C352A950ED40030734B /* homeView.swift */ = {isa = PBXFileReference; lastKnownFileType = sourcecode.swift; path = homeView.swift; sourceTree = "<group>"; };
		90DE5C392A950ED60030734B /* Assets.xcassets */ = {isa = PBXFileReference; lastKnownFileType = folder.assetcatalog; path = Assets.xcassets; sourceTree = "<group>"; };
		90DE5C3C2A950ED60030734B /* Preview Assets.xcassets */ = {isa = PBXFileReference; lastKnownFileType = folder.assetcatalog; path = "Preview Assets.xcassets"; sourceTree = "<group>"; };
		90DE5C422A950ED70030734B /* Zero-TOTPTests.xctest */ = {isa = PBXFileReference; explicitFileType = wrapper.cfbundle; includeInIndex = 0; path = "Zero-TOTPTests.xctest"; sourceTree = BUILT_PRODUCTS_DIR; };
		90DE5C462A950ED70030734B /* Zero_TOTPTests.swift */ = {isa = PBXFileReference; lastKnownFileType = sourcecode.swift; path = Zero_TOTPTests.swift; sourceTree = "<group>"; };
		90DE5C4C2A950ED70030734B /* Zero-TOTPUITests.xctest */ = {isa = PBXFileReference; explicitFileType = wrapper.cfbundle; includeInIndex = 0; path = "Zero-TOTPUITests.xctest"; sourceTree = BUILT_PRODUCTS_DIR; };
		90DE5C502A950ED70030734B /* Zero_TOTPUITests.swift */ = {isa = PBXFileReference; lastKnownFileType = sourcecode.swift; path = Zero_TOTPUITests.swift; sourceTree = "<group>"; };
		90DE5C522A950ED70030734B /* Zero_TOTPUITestsLaunchTests.swift */ = {isa = PBXFileReference; lastKnownFileType = sourcecode.swift; path = Zero_TOTPUITestsLaunchTests.swift; sourceTree = "<group>"; };
		90E2C3902BF6AF7B002C008E /* loginView.swift */ = {isa = PBXFileReference; lastKnownFileType = sourcecode.swift; path = loginView.swift; sourceTree = "<group>"; };
		90E2C3932BF6F593002C008E /* Toast.swift */ = {isa = PBXFileReference; lastKnownFileType = sourcecode.swift; path = Toast.swift; sourceTree = "<group>"; };
		90E2C3962BF6FED6002C008E /* utils.swift */ = {isa = PBXFileReference; lastKnownFileType = sourcecode.swift; path = utils.swift; sourceTree = "<group>"; };
		90E2C3992BF70638002C008E /* CryptoTools.swift */ = {isa = PBXFileReference; lastKnownFileType = sourcecode.swift; path = CryptoTools.swift; sourceTree = "<group>"; };
/* End PBXFileReference section */

/* Begin PBXFrameworksBuildPhase section */
		90DE5C2F2A950ED40030734B /* Frameworks */ = {
			isa = PBXFrameworksBuildPhase;
			buildActionMask = 2147483647;
			files = (
				900DBB772E2714CC00B70239 /* ComponentsKit in Frameworks */,
			);
			runOnlyForDeploymentPostprocessing = 0;
		};
		90DE5C3F2A950ED70030734B /* Frameworks */ = {
			isa = PBXFrameworksBuildPhase;
			buildActionMask = 2147483647;
			files = (
			);
			runOnlyForDeploymentPostprocessing = 0;
		};
		90DE5C492A950ED70030734B /* Frameworks */ = {
			isa = PBXFrameworksBuildPhase;
			buildActionMask = 2147483647;
			files = (
			);
			runOnlyForDeploymentPostprocessing = 0;
		};
/* End PBXFrameworksBuildPhase section */

/* Begin PBXGroup section */
		906D59112BE07E1F00629171 /* API */ = {
			isa = PBXGroup;
			children = (
				903DBB182E254A6900522F7C /* vault_api.swift */,
				906D59122BE07E3B00629171 /* user_api.swift */,
			);
			path = API;
			sourceTree = "<group>";
		};
		90DE5C292A950ED40030734B = {
			isa = PBXGroup;
			children = (
				90DE5C342A950ED40030734B /* Zero-TOTP */,
				90DE5C452A950ED70030734B /* Zero-TOTPTests */,
				90DE5C4F2A950ED70030734B /* Zero-TOTPUITests */,
				90DE5C332A950ED40030734B /* Products */,
			);
			sourceTree = "<group>";
		};
		90DE5C332A950ED40030734B /* Products */ = {
			isa = PBXGroup;
			children = (
				90DE5C322A950ED40030734B /* Zero-TOTP.app */,
				90DE5C422A950ED70030734B /* Zero-TOTPTests.xctest */,
				90DE5C4C2A950ED70030734B /* Zero-TOTPUITests.xctest */,
			);
			name = Products;
			sourceTree = "<group>";
		};
		90DE5C342A950ED40030734B /* Zero-TOTP */ = {
			isa = PBXGroup;
			children = (
				90E2C3982BF7062A002C008E /* CryptoTools */,
				90E2C3952BF6FECC002C008E /* Utils */,
				90E2C3922BF6F584002C008E /* Components */,
				90FA5F572BF2F75D0070BA8F /* Views */,
				906D59112BE07E1F00629171 /* API */,
				90DE5C392A950ED60030734B /* Assets.xcassets */,
				90DE5C3B2A950ED60030734B /* Preview Content */,
				907886D02BF30F510039E30E /* Zero_TOTP_App.swift */,
			);
			path = "Zero-TOTP";
			sourceTree = "<group>";
		};
		90DE5C3B2A950ED60030734B /* Preview Content */ = {
			isa = PBXGroup;
			children = (
				90DE5C3C2A950ED60030734B /* Preview Assets.xcassets */,
			);
			path = "Preview Content";
			sourceTree = "<group>";
		};
		90DE5C452A950ED70030734B /* Zero-TOTPTests */ = {
			isa = PBXGroup;
			children = (
				90DE5C462A950ED70030734B /* Zero_TOTPTests.swift */,
			);
			path = "Zero-TOTPTests";
			sourceTree = "<group>";
		};
		90DE5C4F2A950ED70030734B /* Zero-TOTPUITests */ = {
			isa = PBXGroup;
			children = (
				90DE5C502A950ED70030734B /* Zero_TOTPUITests.swift */,
				90DE5C522A950ED70030734B /* Zero_TOTPUITestsLaunchTests.swift */,
			);
			path = "Zero-TOTPUITests";
			sourceTree = "<group>";
		};
		90E2C3922BF6F584002C008E /* Components */ = {
			isa = PBXGroup;
			children = (
				90E2C3932BF6F593002C008E /* Toast.swift */,
			);
			path = Components;
			sourceTree = "<group>";
		};
		90E2C3952BF6FECC002C008E /* Utils */ = {
			isa = PBXGroup;
			children = (
				90E2C3962BF6FED6002C008E /* utils.swift */,
			);
			path = Utils;
			sourceTree = "<group>";
		};
		90E2C3982BF7062A002C008E /* CryptoTools */ = {
			isa = PBXGroup;
			children = (
				90E2C3992BF70638002C008E /* CryptoTools.swift */,
			);
			path = CryptoTools;
			sourceTree = "<group>";
		};
		90FA5F572BF2F75D0070BA8F /* Views */ = {
			isa = PBXGroup;
			children = (
				900DBB732E26A02100B70239 /* generalTabView.swift */,
				900DBB6F2E26974700B70239 /* vaultView.swift */,
				90DE5C352A950ED40030734B /* homeView.swift */,
				90E2C3902BF6AF7B002C008E /* loginView.swift */,
			);
			path = Views;
			sourceTree = "<group>";
		};
/* End PBXGroup section */

/* Begin PBXNativeTarget section */
		90DE5C312A950ED40030734B /* Zero-TOTP */ = {
			isa = PBXNativeTarget;
			buildConfigurationList = 90DE5C562A950ED70030734B /* Build configuration list for PBXNativeTarget "Zero-TOTP" */;
			buildPhases = (
				90DE5C2E2A950ED40030734B /* Sources */,
				90DE5C2F2A950ED40030734B /* Frameworks */,
				90DE5C302A950ED40030734B /* Resources */,
			);
			buildRules = (
			);
			dependencies = (
			);
			name = "Zero-TOTP";
			productName = "Zero-TOTP";
			productReference = 90DE5C322A950ED40030734B /* Zero-TOTP.app */;
			productType = "com.apple.product-type.application";
		};
		90DE5C412A950ED70030734B /* Zero-TOTPTests */ = {
			isa = PBXNativeTarget;
			buildConfigurationList = 90DE5C592A950ED70030734B /* Build configuration list for PBXNativeTarget "Zero-TOTPTests" */;
			buildPhases = (
				90DE5C3E2A950ED70030734B /* Sources */,
				90DE5C3F2A950ED70030734B /* Frameworks */,
				90DE5C402A950ED70030734B /* Resources */,
			);
			buildRules = (
			);
			dependencies = (
				90DE5C442A950ED70030734B /* PBXTargetDependency */,
			);
			name = "Zero-TOTPTests";
			productName = "Zero-TOTPTests";
			productReference = 90DE5C422A950ED70030734B /* Zero-TOTPTests.xctest */;
			productType = "com.apple.product-type.bundle.unit-test";
		};
		90DE5C4B2A950ED70030734B /* Zero-TOTPUITests */ = {
			isa = PBXNativeTarget;
			buildConfigurationList = 90DE5C5C2A950ED70030734B /* Build configuration list for PBXNativeTarget "Zero-TOTPUITests" */;
			buildPhases = (
				90DE5C482A950ED70030734B /* Sources */,
				90DE5C492A950ED70030734B /* Frameworks */,
				90DE5C4A2A950ED70030734B /* Resources */,
			);
			buildRules = (
			);
			dependencies = (
				90DE5C4E2A950ED70030734B /* PBXTargetDependency */,
			);
			name = "Zero-TOTPUITests";
			productName = "Zero-TOTPUITests";
			productReference = 90DE5C4C2A950ED70030734B /* Zero-TOTPUITests.xctest */;
			productType = "com.apple.product-type.bundle.ui-testing";
		};
/* End PBXNativeTarget section */

/* Begin PBXProject section */
		90DE5C2A2A950ED40030734B /* Project object */ = {
			isa = PBXProject;
			attributes = {
				BuildIndependentTargetsInParallel = 1;
				LastSwiftUpdateCheck = 1500;
				LastUpgradeCheck = 1500;
				TargetAttributes = {
					90DE5C312A950ED40030734B = {
						CreatedOnToolsVersion = 15.0;
					};
					90DE5C412A950ED70030734B = {
						CreatedOnToolsVersion = 15.0;
						TestTargetID = 90DE5C312A950ED40030734B;
					};
					90DE5C4B2A950ED70030734B = {
						CreatedOnToolsVersion = 15.0;
						TestTargetID = 90DE5C312A950ED40030734B;
					};
				};
			};
			buildConfigurationList = 90DE5C2D2A950ED40030734B /* Build configuration list for PBXProject "Zero-TOTP" */;
			compatibilityVersion = "Xcode 14.0";
			developmentRegion = en;
			hasScannedForEncodings = 0;
			knownRegions = (
				en,
				Base,
			);
			mainGroup = 90DE5C292A950ED40030734B;
			packageReferences = (
				900DBB752E2714CB00B70239 /* XCRemoteSwiftPackageReference "ComponentsKit" */,
			);
			productRefGroup = 90DE5C332A950ED40030734B /* Products */;
			projectDirPath = "";
			projectRoot = "";
			targets = (
				90DE5C312A950ED40030734B /* Zero-TOTP */,
				90DE5C412A950ED70030734B /* Zero-TOTPTests */,
				90DE5C4B2A950ED70030734B /* Zero-TOTPUITests */,
			);
		};
/* End PBXProject section */

/* Begin PBXResourcesBuildPhase section */
		90DE5C302A950ED40030734B /* Resources */ = {
			isa = PBXResourcesBuildPhase;
			buildActionMask = 2147483647;
			files = (
				90DE5C3D2A950ED60030734B /* Preview Assets.xcassets in Resources */,
				90DE5C3A2A950ED60030734B /* Assets.xcassets in Resources */,
			);
			runOnlyForDeploymentPostprocessing = 0;
		};
		90DE5C402A950ED70030734B /* Resources */ = {
			isa = PBXResourcesBuildPhase;
			buildActionMask = 2147483647;
			files = (
			);
			runOnlyForDeploymentPostprocessing = 0;
		};
		90DE5C4A2A950ED70030734B /* Resources */ = {
			isa = PBXResourcesBuildPhase;
			buildActionMask = 2147483647;
			files = (
			);
			runOnlyForDeploymentPostprocessing = 0;
		};
/* End PBXResourcesBuildPhase section */

/* Begin PBXSourcesBuildPhase section */
		90DE5C2E2A950ED40030734B /* Sources */ = {
			isa = PBXSourcesBuildPhase;
			buildActionMask = 2147483647;
			files = (
				906D59132BE07E3B00629171 /* user_api.swift in Sources */,
				90DE5C362A950ED40030734B /* homeView.swift in Sources */,
				90E2C3942BF6F593002C008E /* Toast.swift in Sources */,
				90E2C3972BF6FED6002C008E /* utils.swift in Sources */,
				900DBB702E26975000B70239 /* vaultView.swift in Sources */,
				90E2C3912BF6AF7B002C008E /* loginView.swift in Sources */,
				90E2C39A2BF70638002C008E /* CryptoTools.swift in Sources */,
				907886D12BF30F510039E30E /* Zero_TOTP_App.swift in Sources */,
				903DBB192E254A6F00522F7C /* vault_api.swift in Sources */,
				900DBB742E26A02800B70239 /* generalTabView.swift in Sources */,
			);
			runOnlyForDeploymentPostprocessing = 0;
		};
		90DE5C3E2A950ED70030734B /* Sources */ = {
			isa = PBXSourcesBuildPhase;
			buildActionMask = 2147483647;
			files = (
				90DE5C472A950ED70030734B /* Zero_TOTPTests.swift in Sources */,
			);
			runOnlyForDeploymentPostprocessing = 0;
		};
		90DE5C482A950ED70030734B /* Sources */ = {
			isa = PBXSourcesBuildPhase;
			buildActionMask = 2147483647;
			files = (
				90DE5C512A950ED70030734B /* Zero_TOTPUITests.swift in Sources */,
				90DE5C532A950ED70030734B /* Zero_TOTPUITestsLaunchTests.swift in Sources */,
			);
			runOnlyForDeploymentPostprocessing = 0;
		};
/* End PBXSourcesBuildPhase section */

/* Begin PBXTargetDependency section */
		90DE5C442A950ED70030734B /* PBXTargetDependency */ = {
			isa = PBXTargetDependency;
			target = 90DE5C312A950ED40030734B /* Zero-TOTP */;
			targetProxy = 90DE5C432A950ED70030734B /* PBXContainerItemProxy */;
		};
		90DE5C4E2A950ED70030734B /* PBXTargetDependency */ = {
			isa = PBXTargetDependency;
			target = 90DE5C312A950ED40030734B /* Zero-TOTP */;
			targetProxy = 90DE5C4D2A950ED70030734B /* PBXContainerItemProxy */;
		};
/* End PBXTargetDependency section */

/* Begin XCBuildConfiguration section */
		90DE5C542A950ED70030734B /* Debug */ = {
			isa = XCBuildConfiguration;
			buildSettings = {
				ALWAYS_SEARCH_USER_PATHS = NO;
				ASSETCATALOG_COMPILER_GENERATE_SWIFT_ASSET_SYMBOL_EXTENSIONS = YES;
				CLANG_ANALYZER_NONNULL = YES;
				CLANG_ANALYZER_NUMBER_OBJECT_CONVERSION = YES_AGGRESSIVE;
				CLANG_CXX_LANGUAGE_STANDARD = "gnu++20";
				CLANG_ENABLE_MODULES = YES;
				CLANG_ENABLE_OBJC_ARC = YES;
				CLANG_ENABLE_OBJC_WEAK = YES;
				CLANG_WARN_BLOCK_CAPTURE_AUTORELEASING = YES;
				CLANG_WARN_BOOL_CONVERSION = YES;
				CLANG_WARN_COMMA = YES;
				CLANG_WARN_CONSTANT_CONVERSION = YES;
				CLANG_WARN_DEPRECATED_OBJC_IMPLEMENTATIONS = YES;
				CLANG_WARN_DIRECT_OBJC_ISA_USAGE = YES_ERROR;
				CLANG_WARN_DOCUMENTATION_COMMENTS = YES;
				CLANG_WARN_EMPTY_BODY = YES;
				CLANG_WARN_ENUM_CONVERSION = YES;
				CLANG_WARN_INFINITE_RECURSION = YES;
				CLANG_WARN_INT_CONVERSION = YES;
				CLANG_WARN_NON_LITERAL_NULL_CONVERSION = YES;
				CLANG_WARN_OBJC_IMPLICIT_RETAIN_SELF = YES;
				CLANG_WARN_OBJC_LITERAL_CONVERSION = YES;
				CLANG_WARN_OBJC_ROOT_CLASS = YES_ERROR;
				CLANG_WARN_QUOTED_INCLUDE_IN_FRAMEWORK_HEADER = YES;
				CLANG_WARN_RANGE_LOOP_ANALYSIS = YES;
				CLANG_WARN_STRICT_PROTOTYPES = YES;
				CLANG_WARN_SUSPICIOUS_MOVE = YES;
				CLANG_WARN_UNGUARDED_AVAILABILITY = YES_AGGRESSIVE;
				CLANG_WARN_UNREACHABLE_CODE = YES;
				CLANG_WARN__DUPLICATE_METHOD_MATCH = YES;
				COPY_PHASE_STRIP = NO;
				DEBUG_INFORMATION_FORMAT = dwarf;
				ENABLE_STRICT_OBJC_MSGSEND = YES;
				ENABLE_TESTABILITY = YES;
				ENABLE_USER_SCRIPT_SANDBOXING = YES;
				GCC_C_LANGUAGE_STANDARD = gnu17;
				GCC_DYNAMIC_NO_PIC = NO;
				GCC_NO_COMMON_BLOCKS = YES;
				GCC_OPTIMIZATION_LEVEL = 0;
				GCC_PREPROCESSOR_DEFINITIONS = (
					"DEBUG=1",
					"$(inherited)",
				);
				GCC_WARN_64_TO_32_BIT_CONVERSION = YES;
				GCC_WARN_ABOUT_RETURN_TYPE = YES_ERROR;
				GCC_WARN_UNDECLARED_SELECTOR = YES;
				GCC_WARN_UNINITIALIZED_AUTOS = YES_AGGRESSIVE;
				GCC_WARN_UNUSED_FUNCTION = YES;
				GCC_WARN_UNUSED_VARIABLE = YES;
				IPHONEOS_DEPLOYMENT_TARGET = 17.0;
				LOCALIZATION_PREFERS_STRING_CATALOGS = YES;
				MTL_ENABLE_DEBUG_INFO = INCLUDE_SOURCE;
				MTL_FAST_MATH = YES;
				ONLY_ACTIVE_ARCH = YES;
				SDKROOT = iphoneos;
				SWIFT_ACTIVE_COMPILATION_CONDITIONS = "DEBUG $(inherited)";
				SWIFT_OPTIMIZATION_LEVEL = "-Onone";
			};
			name = Debug;
		};
		90DE5C552A950ED70030734B /* Release */ = {
			isa = XCBuildConfiguration;
			buildSettings = {
				ALWAYS_SEARCH_USER_PATHS = NO;
				ASSETCATALOG_COMPILER_GENERATE_SWIFT_ASSET_SYMBOL_EXTENSIONS = YES;
				CLANG_ANALYZER_NONNULL = YES;
				CLANG_ANALYZER_NUMBER_OBJECT_CONVERSION = YES_AGGRESSIVE;
				CLANG_CXX_LANGUAGE_STANDARD = "gnu++20";
				CLANG_ENABLE_MODULES = YES;
				CLANG_ENABLE_OBJC_ARC = YES;
				CLANG_ENABLE_OBJC_WEAK = YES;
				CLANG_WARN_BLOCK_CAPTURE_AUTORELEASING = YES;
				CLANG_WARN_BOOL_CONVERSION = YES;
				CLANG_WARN_COMMA = YES;
				CLANG_WARN_CONSTANT_CONVERSION = YES;
				CLANG_WARN_DEPRECATED_OBJC_IMPLEMENTATIONS = YES;
				CLANG_WARN_DIRECT_OBJC_ISA_USAGE = YES_ERROR;
				CLANG_WARN_DOCUMENTATION_COMMENTS = YES;
				CLANG_WARN_EMPTY_BODY = YES;
				CLANG_WARN_ENUM_CONVERSION = YES;
				CLANG_WARN_INFINITE_RECURSION = YES;
				CLANG_WARN_INT_CONVERSION = YES;
				CLANG_WARN_NON_LITERAL_NULL_CONVERSION = YES;
				CLANG_WARN_OBJC_IMPLICIT_RETAIN_SELF = YES;
				CLANG_WARN_OBJC_LITERAL_CONVERSION = YES;
				CLANG_WARN_OBJC_ROOT_CLASS = YES_ERROR;
				CLANG_WARN_QUOTED_INCLUDE_IN_FRAMEWORK_HEADER = YES;
				CLANG_WARN_RANGE_LOOP_ANALYSIS = YES;
				CLANG_WARN_STRICT_PROTOTYPES = YES;
				CLANG_WARN_SUSPICIOUS_MOVE = YES;
				CLANG_WARN_UNGUARDED_AVAILABILITY = YES_AGGRESSIVE;
				CLANG_WARN_UNREACHABLE_CODE = YES;
				CLANG_WARN__DUPLICATE_METHOD_MATCH = YES;
				COPY_PHASE_STRIP = NO;
				DEBUG_INFORMATION_FORMAT = "dwarf-with-dsym";
				ENABLE_NS_ASSERTIONS = NO;
				ENABLE_STRICT_OBJC_MSGSEND = YES;
				ENABLE_USER_SCRIPT_SANDBOXING = YES;
				GCC_C_LANGUAGE_STANDARD = gnu17;
				GCC_NO_COMMON_BLOCKS = YES;
				GCC_WARN_64_TO_32_BIT_CONVERSION = YES;
				GCC_WARN_ABOUT_RETURN_TYPE = YES_ERROR;
				GCC_WARN_UNDECLARED_SELECTOR = YES;
				GCC_WARN_UNINITIALIZED_AUTOS = YES_AGGRESSIVE;
				GCC_WARN_UNUSED_FUNCTION = YES;
				GCC_WARN_UNUSED_VARIABLE = YES;
				IPHONEOS_DEPLOYMENT_TARGET = 17.0;
				LOCALIZATION_PREFERS_STRING_CATALOGS = YES;
				MTL_ENABLE_DEBUG_INFO = NO;
				MTL_FAST_MATH = YES;
				SDKROOT = iphoneos;
				SWIFT_COMPILATION_MODE = wholemodule;
				VALIDATE_PRODUCT = YES;
			};
			name = Release;
		};
		90DE5C572A950ED70030734B /* Debug */ = {
			isa = XCBuildConfiguration;
			buildSettings = {
				ASSETCATALOG_COMPILER_APPICON_NAME = AppIcon;
				ASSETCATALOG_COMPILER_GLOBAL_ACCENT_COLOR_NAME = AccentColor;
				CODE_SIGN_STYLE = Automatic;
				CURRENT_PROJECT_VERSION = 1;
				DEVELOPMENT_ASSET_PATHS = "\"Zero-TOTP/Preview Content\"";
				DEVELOPMENT_TEAM = 3T8JC8YTSR;
				ENABLE_PREVIEWS = YES;
				GENERATE_INFOPLIST_FILE = YES;
				INFOPLIST_KEY_UIApplicationSceneManifest_Generation = YES;
				INFOPLIST_KEY_UIApplicationSupportsIndirectInputEvents = YES;
				INFOPLIST_KEY_UILaunchScreen_Generation = YES;
				INFOPLIST_KEY_UISupportedInterfaceOrientations_iPad = "UIInterfaceOrientationPortrait UIInterfaceOrientationPortraitUpsideDown UIInterfaceOrientationLandscapeLeft UIInterfaceOrientationLandscapeRight";
				INFOPLIST_KEY_UISupportedInterfaceOrientations_iPhone = "UIInterfaceOrientationPortrait UIInterfaceOrientationLandscapeLeft UIInterfaceOrientationLandscapeRight";
				IPHONEOS_DEPLOYMENT_TARGET = 18.0;
				LD_RUNPATH_SEARCH_PATHS = (
					"$(inherited)",
					"@executable_path/Frameworks",
				);
				MARKETING_VERSION = 1.0;
				PRODUCT_BUNDLE_IDENTIFIER = "com.seaweedbrain.Zero-TOTP";
				PRODUCT_NAME = "$(TARGET_NAME)";
				SWIFT_EMIT_LOC_STRINGS = YES;
				SWIFT_VERSION = 5.0;
				TARGETED_DEVICE_FAMILY = "1,2";
			};
			name = Debug;
		};
		90DE5C582A950ED70030734B /* Release */ = {
			isa = XCBuildConfiguration;
			buildSettings = {
				ASSETCATALOG_COMPILER_APPICON_NAME = AppIcon;
				ASSETCATALOG_COMPILER_GLOBAL_ACCENT_COLOR_NAME = AccentColor;
				CODE_SIGN_STYLE = Automatic;
				CURRENT_PROJECT_VERSION = 1;
				DEVELOPMENT_ASSET_PATHS = "\"Zero-TOTP/Preview Content\"";
				DEVELOPMENT_TEAM = 3T8JC8YTSR;
				ENABLE_PREVIEWS = YES;
				GENERATE_INFOPLIST_FILE = YES;
				INFOPLIST_KEY_UIApplicationSceneManifest_Generation = YES;
				INFOPLIST_KEY_UIApplicationSupportsIndirectInputEvents = YES;
				INFOPLIST_KEY_UILaunchScreen_Generation = YES;
				INFOPLIST_KEY_UISupportedInterfaceOrientations_iPad = "UIInterfaceOrientationPortrait UIInterfaceOrientationPortraitUpsideDown UIInterfaceOrientationLandscapeLeft UIInterfaceOrientationLandscapeRight";
				INFOPLIST_KEY_UISupportedInterfaceOrientations_iPhone = "UIInterfaceOrientationPortrait UIInterfaceOrientationLandscapeLeft UIInterfaceOrientationLandscapeRight";
				IPHONEOS_DEPLOYMENT_TARGET = 18.0;
				LD_RUNPATH_SEARCH_PATHS = (
					"$(inherited)",
					"@executable_path/Frameworks",
				);
				MARKETING_VERSION = 1.0;
				PRODUCT_BUNDLE_IDENTIFIER = "com.seaweedbrain.Zero-TOTP";
				PRODUCT_NAME = "$(TARGET_NAME)";
				SWIFT_EMIT_LOC_STRINGS = YES;
				SWIFT_VERSION = 5.0;
				TARGETED_DEVICE_FAMILY = "1,2";
			};
			name = Release;
		};
		90DE5C5A2A950ED70030734B /* Debug */ = {
			isa = XCBuildConfiguration;
			buildSettings = {
				ALWAYS_EMBED_SWIFT_STANDARD_LIBRARIES = YES;
				BUNDLE_LOADER = "$(TEST_HOST)";
				CODE_SIGN_STYLE = Automatic;
				CURRENT_PROJECT_VERSION = 1;
				DEVELOPMENT_TEAM = 3T8JC8YTSR;
				GENERATE_INFOPLIST_FILE = YES;
				IPHONEOS_DEPLOYMENT_TARGET = 17.0;
				MARKETING_VERSION = 1.0;
				PRODUCT_BUNDLE_IDENTIFIER = "com.seaweedbrain.Zero-TOTPTests";
				PRODUCT_NAME = "$(TARGET_NAME)";
				SWIFT_EMIT_LOC_STRINGS = NO;
				SWIFT_VERSION = 5.0;
				TARGETED_DEVICE_FAMILY = "1,2";
				TEST_HOST = "$(BUILT_PRODUCTS_DIR)/Zero-TOTP.app/$(BUNDLE_EXECUTABLE_FOLDER_PATH)/Zero-TOTP";
			};
			name = Debug;
		};
		90DE5C5B2A950ED70030734B /* Release */ = {
			isa = XCBuildConfiguration;
			buildSettings = {
				ALWAYS_EMBED_SWIFT_STANDARD_LIBRARIES = YES;
				BUNDLE_LOADER = "$(TEST_HOST)";
				CODE_SIGN_STYLE = Automatic;
				CURRENT_PROJECT_VERSION = 1;
				DEVELOPMENT_TEAM = 3T8JC8YTSR;
				GENERATE_INFOPLIST_FILE = YES;
				IPHONEOS_DEPLOYMENT_TARGET = 17.0;
				MARKETING_VERSION = 1.0;
				PRODUCT_BUNDLE_IDENTIFIER = "com.seaweedbrain.Zero-TOTPTests";
				PRODUCT_NAME = "$(TARGET_NAME)";
				SWIFT_EMIT_LOC_STRINGS = NO;
				SWIFT_VERSION = 5.0;
				TARGETED_DEVICE_FAMILY = "1,2";
				TEST_HOST = "$(BUILT_PRODUCTS_DIR)/Zero-TOTP.app/$(BUNDLE_EXECUTABLE_FOLDER_PATH)/Zero-TOTP";
			};
			name = Release;
		};
		90DE5C5D2A950ED70030734B /* Debug */ = {
			isa = XCBuildConfiguration;
			buildSettings = {
				ALWAYS_EMBED_SWIFT_STANDARD_LIBRARIES = YES;
				CODE_SIGN_STYLE = Automatic;
				CURRENT_PROJECT_VERSION = 1;
				DEVELOPMENT_TEAM = 3T8JC8YTSR;
				GENERATE_INFOPLIST_FILE = YES;
				MARKETING_VERSION = 1.0;
				PRODUCT_BUNDLE_IDENTIFIER = "com.seaweedbrain.Zero-TOTPUITests";
				PRODUCT_NAME = "$(TARGET_NAME)";
				SWIFT_EMIT_LOC_STRINGS = NO;
				SWIFT_VERSION = 5.0;
				TARGETED_DEVICE_FAMILY = "1,2";
				TEST_TARGET_NAME = "Zero-TOTP";
			};
			name = Debug;
		};
		90DE5C5E2A950ED70030734B /* Release */ = {
			isa = XCBuildConfiguration;
			buildSettings = {
				ALWAYS_EMBED_SWIFT_STANDARD_LIBRARIES = YES;
				CODE_SIGN_STYLE = Automatic;
				CURRENT_PROJECT_VERSION = 1;
				DEVELOPMENT_TEAM = 3T8JC8YTSR;
				GENERATE_INFOPLIST_FILE = YES;
				MARKETING_VERSION = 1.0;
				PRODUCT_BUNDLE_IDENTIFIER = "com.seaweedbrain.Zero-TOTPUITests";
				PRODUCT_NAME = "$(TARGET_NAME)";
				SWIFT_EMIT_LOC_STRINGS = NO;
				SWIFT_VERSION = 5.0;
				TARGETED_DEVICE_FAMILY = "1,2";
				TEST_TARGET_NAME = "Zero-TOTP";
			};
			name = Release;
		};
/* End XCBuildConfiguration section */

/* Begin XCConfigurationList section */
		90DE5C2D2A950ED40030734B /* Build configuration list for PBXProject "Zero-TOTP" */ = {
			isa = XCConfigurationList;
			buildConfigurations = (
				90DE5C542A950ED70030734B /* Debug */,
				90DE5C552A950ED70030734B /* Release */,
			);
			defaultConfigurationIsVisible = 0;
			defaultConfigurationName = Release;
		};
		90DE5C562A950ED70030734B /* Build configuration list for PBXNativeTarget "Zero-TOTP" */ = {
			isa = XCConfigurationList;
			buildConfigurations = (
				90DE5C572A950ED70030734B /* Debug */,
				90DE5C582A950ED70030734B /* Release */,
			);
			defaultConfigurationIsVisible = 0;
			defaultConfigurationName = Release;
		};
		90DE5C592A950ED70030734B /* Build configuration list for PBXNativeTarget "Zero-TOTPTests" */ = {
			isa = XCConfigurationList;
			buildConfigurations = (
				90DE5C5A2A950ED70030734B /* Debug */,
				90DE5C5B2A950ED70030734B /* Release */,
			);
			defaultConfigurationIsVisible = 0;
			defaultConfigurationName = Release;
		};
		90DE5C5C2A950ED70030734B /* Build configuration list for PBXNativeTarget "Zero-TOTPUITests" */ = {
			isa = XCConfigurationList;
			buildConfigurations = (
				90DE5C5D2A950ED70030734B /* Debug */,
				90DE5C5E2A950ED70030734B /* Release */,
			);
			defaultConfigurationIsVisible = 0;
			defaultConfigurationName = Release;
		};
/* End XCConfigurationList section */

/* Begin XCRemoteSwiftPackageReference section */
		900DBB752E2714CB00B70239 /* XCRemoteSwiftPackageReference "ComponentsKit" */ = {
			isa = XCRemoteSwiftPackageReference;
			repositoryURL = "https://github.com/componentskit/ComponentsKit";
			requirement = {
				kind = upToNextMajorVersion;
				minimumVersion = 1.5.3;
			};
		};
/* End XCRemoteSwiftPackageReference section */

/* Begin XCSwiftPackageProductDependency section */
		900DBB762E2714CC00B70239 /* ComponentsKit */ = {
			isa = XCSwiftPackageProductDependency;
			package = 900DBB752E2714CB00B70239 /* XCRemoteSwiftPackageReference "ComponentsKit" */;
			productName = ComponentsKit;
		};
/* End XCSwiftPackageProductDependency section */
	};
	rootObject = 90DE5C2A2A950ED40030734B /* Project object */;
}
